
Microsoft Visual Studio Solution File, Format Version 12.00
# Visual Studio Version 17
VisualStudioVersion = 17.0.31919.166
MinimumVisualStudioVersion = 10.0.40219.1
Project("{FAE04EC0-301F-11D3-BF4B-00C04F79EFBC}") = "CoronaManagement", "CoronaManagement\CoronaManagement.csproj", "{88637000-BC30-4E6C-9C2F-952D89AF3573}"
EndProject
Project("{FAE04EC0-301F-11D3-BF4B-00C04F79EFBC}") = "DAL", "DAL\DAL.csproj", "{709749E6-74EE-4AD9-83EB-1B0B0988D848}"
EndProject
Project("{FAE04EC0-301F-11D3-BF4B-00C04F79EFBC}") = "BL", "BL\BL.csproj", "{5666A288-2353-4ECA-A541-BF6681E82942}"
EndProject
Project("{FAE04EC0-301F-11D3-BF4B-00C04F79EFBC}") = "DTO", "DTO\DTO.csproj", "{8A79E3F7-D6B6-4F1B-B8D6-1781BFC3FFCE}"
EndProject
Global
	GlobalSection(SolutionConfigurationPlatforms) = preSolution
		Debug|Any CPU = Debug|Any CPU
		Release|Any CPU = Release|Any CPU
	EndGlobalSection
	GlobalSection(ProjectConfigurationPlatforms) = postSolution
		{88637000-BC30-4E6C-9C2F-952D89AF3573}.Debug|Any CPU.ActiveCfg = Debug|Any CPU
		{88637000-BC30-4E6C-9C2F-952D89AF3573}.Debug|Any CPU.Build.0 = Debug|Any CPU
		{88637000-BC30-4E6C-9C2F-952D89AF3573}.Release|Any CPU.ActiveCfg = Release|Any CPU
		{88637000-BC30-4E6C-9C2F-952D89AF3573}.Release|Any CPU.Build.0 = Release|Any CPU
		{709749E6-74EE-4AD9-83EB-1B0B0988D848}.Debug|Any CPU.ActiveCfg = Debug|Any CPU
		{709749E6-74EE-4AD9-83EB-1B0B0988D848}.Debug|Any CPU.Build.0 = Debug|Any CPU
		{709749E6-74EE-4AD9-83EB-1B0B0988D848}.Release|Any CPU.ActiveCfg = Release|Any CPU
		{709749E6-74EE-4AD9-83EB-1B0B0988D848}.Release|Any CPU.Build.0 = Release|Any CPU
		{5666A288-2353-4ECA-A541-BF6681E82942}.Debug|Any CPU.ActiveCfg = Debug|Any CPU
		{5666A288-2353-4ECA-A541-BF6681E82942}.Debug|Any CPU.Build.0 = Debug|Any CPU
		{5666A288-2353-4ECA-A541-BF6681E82942}.Release|Any CPU.ActiveCfg = Release|Any CPU
		{5666A288-2353-4ECA-A541-BF6681E82942}.Release|Any CPU.Build.0 = Release|Any CPU
		{8A79E3F7-D6B6-4F1B-B8D6-1781BFC3FFCE}.Debug|Any CPU.ActiveCfg = Debug|Any CPU
		{8A79E3F7-D6B6-4F1B-B8D6-1781BFC3FFCE}.Debug|Any CPU.Build.0 = Debug|Any CPU
		{8A79E3F7-D6B6-4F1B-B8D6-1781BFC3FFCE}.Release|Any CPU.ActiveCfg = Release|Any CPU
		{8A79E3F7-D6B6-4F1B-B8D6-1781BFC3FFCE}.Release|Any CPU.Build.0 = Release|Any CPU
	EndGlobalSection
	GlobalSection(SolutionProperties) = preSolution
		HideSolutionNode = FALSE
	EndGlobalSection
	GlobalSection(ExtensibilityGlobals) = postSolution
		SolutionGuid = {F5D0FD7D-CD91-4FA1-A09C-D0AB5B5CC12F}
	EndGlobalSection
EndGlobal
